
Microsoft Visual Studio Solution File, Format Version 12.00
Project("{FAE04EC0-301F-11D3-BF4B-00C04F79EFBC}") = "gRPCServer", "gRPCServer\gRPCServer.csproj", "{A0BFDF7D-19ED-4AE2-BE86-49085BD1C6E0}"
EndProject
Project("{FAE04EC0-301F-11D3-BF4B-00C04F79EFBC}") = "gRPCClient", "gRPCClient\gRPCClient.csproj", "{6EEC200C-06A8-4F81-B73D-1D3353E6E135}"
EndProject
Global
	GlobalSection(SolutionConfigurationPlatforms) = preSolution
		Debug|Any CPU = Debug|Any CPU
		Release|Any CPU = Release|Any CPU
	EndGlobalSection
	GlobalSection(ProjectConfigurationPlatforms) = postSolution
		{A0BFDF7D-19ED-4AE2-BE86-49085BD1C6E0}.Debug|Any CPU.ActiveCfg = Debug|Any CPU
		{A0BFDF7D-19ED-4AE2-BE86-49085BD1C6E0}.Debug|Any CPU.Build.0 = Debug|Any CPU
		{A0BFDF7D-19ED-4AE2-BE86-49085BD1C6E0}.Release|Any CPU.ActiveCfg = Release|Any CPU
		{A0BFDF7D-19ED-4AE2-BE86-49085BD1C6E0}.Release|Any CPU.Build.0 = Release|Any CPU
		{6EEC200C-06A8-4F81-B73D-1D3353E6E135}.Debug|Any CPU.ActiveCfg = Debug|Any CPU
		{6EEC200C-06A8-4F81-B73D-1D3353E6E135}.Debug|Any CPU.Build.0 = Debug|Any CPU
		{6EEC200C-06A8-4F81-B73D-1D3353E6E135}.Release|Any CPU.ActiveCfg = Release|Any CPU
		{6EEC200C-06A8-4F81-B73D-1D3353E6E135}.Release|Any CPU.Build.0 = Release|Any CPU
	EndGlobalSection
EndGlobal
